
Microsoft Visual Studio Solution File, Format Version 12.00
# Visual Studio Version 17
VisualStudioVersion = 17.5.002.0
MinimumVisualStudioVersion = 10.0.40219.1
Project("{9A19103F-16F7-4668-BE54-9A1E7A4F7556}") = "RazorEngineDockerApi", "RazorEngineDockerApi.csproj", "{90D93685-AF3D-4C96-85E3-F75F6F7EBF27}"
EndProject
Global
	GlobalSection(SolutionConfigurationPlatforms) = preSolution
		Debug|Any CPU = Debug|Any CPU
		Release|Any CPU = Release|Any CPU
	EndGlobalSection
	GlobalSection(ProjectConfigurationPlatforms) = postSolution
		{90D93685-AF3D-4C96-85E3-F75F6F7EBF27}.Debug|Any CPU.ActiveCfg = Debug|Any CPU
		{90D93685-AF3D-4C96-85E3-F75F6F7EBF27}.Debug|Any CPU.Build.0 = Debug|Any CPU
		{90D93685-AF3D-4C96-85E3-F75F6F7EBF27}.Release|Any CPU.ActiveCfg = Release|Any CPU
		{90D93685-AF3D-4C96-85E3-F75F6F7EBF27}.Release|Any CPU.Build.0 = Release|Any CPU
	EndGlobalSection
	GlobalSection(SolutionProperties) = preSolution
		HideSolutionNode = FALSE
	EndGlobalSection
	GlobalSection(ExtensibilityGlobals) = postSolution
		SolutionGuid = {9EEF6DEE-4DCA-4073-A251-FA9E1659B4CF}
	EndGlobalSection
EndGlobal
